
Microsoft Visual Studio Solution File, Format Version 12.00
Project("{F2A71F9B-5D33-465A-A702-920D77279786}") = "AdventOfCode2023", "AdventOfCode2023\AdventOfCode2023.fsproj", "{78055307-EB0E-4857-8C38-72265ECE5C6D}"
EndProject
Project("{F2A71F9B-5D33-465A-A702-920D77279786}") = "Day1", "Day1\Day1.fsproj", "{61AD4BA5-9B6B-4F01-B8DC-7D1150DABD8A}"
EndProject
Project("{F2A71F9B-5D33-465A-A702-920D77279786}") = "Day2", "Day2\Day2.fsproj", "{5D2DC8A1-F819-4D1D-AE68-A8F8B45FE255}"
EndProject
Project("{F2A71F9B-5D33-465A-A702-920D77279786}") = "Day3", "Day3\Day3.fsproj", "{7FF108F6-44FE-4E74-BBEC-5444E86B6B0B}"
EndProject
Project("{F2A71F9B-5D33-465A-A702-920D77279786}") = "Day4", "Day4\Day4.fsproj", "{61E86537-4BD4-4663-9043-9B8B4DFE12FA}"
EndProject
Project("{F2A71F9B-5D33-465A-A702-920D77279786}") = "Day5", "Day5\Day5.fsproj", "{778514BA-60E8-42FA-BE40-964494718241}"
EndProject
Project("{F2A71F9B-5D33-465A-A702-920D77279786}") = "Day6", "Day6\Day6.fsproj", "{9B183FB3-4DCB-4F7E-8232-B4F9C12BFA2A}"
EndProject
Project("{F2A71F9B-5D33-465A-A702-920D77279786}") = "Day7", "Day7\Day7.fsproj", "{6455DC7E-B9B2-48B3-A3E1-75D2E81A4C96}"
EndProject
Project("{F2A71F9B-5D33-465A-A702-920D77279786}") = "Day8", "Day8\Day8.fsproj", "{56711729-42FB-4298-854C-FAA4726DC7D2}"
EndProject
Global
	GlobalSection(SolutionConfigurationPlatforms) = preSolution
		Debug|Any CPU = Debug|Any CPU
		Release|Any CPU = Release|Any CPU
	EndGlobalSection
	GlobalSection(ProjectConfigurationPlatforms) = postSolution
		{78055307-EB0E-4857-8C38-72265ECE5C6D}.Debug|Any CPU.ActiveCfg = Debug|Any CPU
		{78055307-EB0E-4857-8C38-72265ECE5C6D}.Debug|Any CPU.Build.0 = Debug|Any CPU
		{78055307-EB0E-4857-8C38-72265ECE5C6D}.Release|Any CPU.ActiveCfg = Release|Any CPU
		{78055307-EB0E-4857-8C38-72265ECE5C6D}.Release|Any CPU.Build.0 = Release|Any CPU
		{61AD4BA5-9B6B-4F01-B8DC-7D1150DABD8A}.Debug|Any CPU.ActiveCfg = Debug|Any CPU
		{61AD4BA5-9B6B-4F01-B8DC-7D1150DABD8A}.Debug|Any CPU.Build.0 = Debug|Any CPU
		{61AD4BA5-9B6B-4F01-B8DC-7D1150DABD8A}.Release|Any CPU.ActiveCfg = Release|Any CPU
		{61AD4BA5-9B6B-4F01-B8DC-7D1150DABD8A}.Release|Any CPU.Build.0 = Release|Any CPU
		{5D2DC8A1-F819-4D1D-AE68-A8F8B45FE255}.Debug|Any CPU.ActiveCfg = Debug|Any CPU
		{5D2DC8A1-F819-4D1D-AE68-A8F8B45FE255}.Debug|Any CPU.Build.0 = Debug|Any CPU
		{5D2DC8A1-F819-4D1D-AE68-A8F8B45FE255}.Release|Any CPU.ActiveCfg = Release|Any CPU
		{5D2DC8A1-F819-4D1D-AE68-A8F8B45FE255}.Release|Any CPU.Build.0 = Release|Any CPU
		{7FF108F6-44FE-4E74-BBEC-5444E86B6B0B}.Debug|Any CPU.ActiveCfg = Debug|Any CPU
		{7FF108F6-44FE-4E74-BBEC-5444E86B6B0B}.Debug|Any CPU.Build.0 = Debug|Any CPU
		{7FF108F6-44FE-4E74-BBEC-5444E86B6B0B}.Release|Any CPU.ActiveCfg = Release|Any CPU
		{7FF108F6-44FE-4E74-BBEC-5444E86B6B0B}.Release|Any CPU.Build.0 = Release|Any CPU
		{61E86537-4BD4-4663-9043-9B8B4DFE12FA}.Debug|Any CPU.ActiveCfg = Debug|Any CPU
		{61E86537-4BD4-4663-9043-9B8B4DFE12FA}.Debug|Any CPU.Build.0 = Debug|Any CPU
		{61E86537-4BD4-4663-9043-9B8B4DFE12FA}.Release|Any CPU.ActiveCfg = Release|Any CPU
		{61E86537-4BD4-4663-9043-9B8B4DFE12FA}.Release|Any CPU.Build.0 = Release|Any CPU
		{778514BA-60E8-42FA-BE40-964494718241}.Debug|Any CPU.ActiveCfg = Debug|Any CPU
		{778514BA-60E8-42FA-BE40-964494718241}.Debug|Any CPU.Build.0 = Debug|Any CPU
		{778514BA-60E8-42FA-BE40-964494718241}.Release|Any CPU.ActiveCfg = Release|Any CPU
		{778514BA-60E8-42FA-BE40-964494718241}.Release|Any CPU.Build.0 = Release|Any CPU
		{9B183FB3-4DCB-4F7E-8232-B4F9C12BFA2A}.Debug|Any CPU.ActiveCfg = Debug|Any CPU
		{9B183FB3-4DCB-4F7E-8232-B4F9C12BFA2A}.Debug|Any CPU.Build.0 = Debug|Any CPU
		{9B183FB3-4DCB-4F7E-8232-B4F9C12BFA2A}.Release|Any CPU.ActiveCfg = Release|Any CPU
		{9B183FB3-4DCB-4F7E-8232-B4F9C12BFA2A}.Release|Any CPU.Build.0 = Release|Any CPU
		{6455DC7E-B9B2-48B3-A3E1-75D2E81A4C96}.Debug|Any CPU.ActiveCfg = Debug|Any CPU
		{6455DC7E-B9B2-48B3-A3E1-75D2E81A4C96}.Debug|Any CPU.Build.0 = Debug|Any CPU
		{6455DC7E-B9B2-48B3-A3E1-75D2E81A4C96}.Release|Any CPU.ActiveCfg = Release|Any CPU
		{6455DC7E-B9B2-48B3-A3E1-75D2E81A4C96}.Release|Any CPU.Build.0 = Release|Any CPU
		{56711729-42FB-4298-854C-FAA4726DC7D2}.Debug|Any CPU.ActiveCfg = Debug|Any CPU
		{56711729-42FB-4298-854C-FAA4726DC7D2}.Debug|Any CPU.Build.0 = Debug|Any CPU
		{56711729-42FB-4298-854C-FAA4726DC7D2}.Release|Any CPU.ActiveCfg = Release|Any CPU
		{56711729-42FB-4298-854C-FAA4726DC7D2}.Release|Any CPU.Build.0 = Release|Any CPU
	EndGlobalSection
EndGlobal
